
Microsoft Visual Studio Solution File, Format Version 12.00
# Visual Studio Version 16
VisualStudioVersion = 16.0.30523.141
MinimumVisualStudioVersion = 10.0.40219.1
Project("{8BC9CEB8-8B4A-11D0-8D11-00A0C91BC942}") = "LR_9.3", "LR_9.3.vcxproj", "{FE679E99-14EC-47FF-8805-75E48D4BA181}"
EndProject
Project("{8BC9CEB8-8B4A-11D0-8D11-00A0C91BC942}") = "UnitTest5", "..\UnitTest5\UnitTest5.vcxproj", "{FF3B0E9C-40AC-4FBD-85AD-D2D7A06006F2}"
EndProject
Global
	GlobalSection(SolutionConfigurationPlatforms) = preSolution
		Debug|x64 = Debug|x64
		Debug|x86 = Debug|x86
		Release|x64 = Release|x64
		Release|x86 = Release|x86
	EndGlobalSection
	GlobalSection(ProjectConfigurationPlatforms) = postSolution
		{FE679E99-14EC-47FF-8805-75E48D4BA181}.Debug|x64.ActiveCfg = Debug|x64
		{FE679E99-14EC-47FF-8805-75E48D4BA181}.Debug|x64.Build.0 = Debug|x64
		{FE679E99-14EC-47FF-8805-75E48D4BA181}.Debug|x86.ActiveCfg = Debug|Win32
		{FE679E99-14EC-47FF-8805-75E48D4BA181}.Debug|x86.Build.0 = Debug|Win32
		{FE679E99-14EC-47FF-8805-75E48D4BA181}.Release|x64.ActiveCfg = Release|x64
		{FE679E99-14EC-47FF-8805-75E48D4BA181}.Release|x64.Build.0 = Release|x64
		{FE679E99-14EC-47FF-8805-75E48D4BA181}.Release|x86.ActiveCfg = Release|Win32
		{FE679E99-14EC-47FF-8805-75E48D4BA181}.Release|x86.Build.0 = Release|Win32
		{FF3B0E9C-40AC-4FBD-85AD-D2D7A06006F2}.Debug|x64.ActiveCfg = Debug|x64
		{FF3B0E9C-40AC-4FBD-85AD-D2D7A06006F2}.Debug|x64.Build.0 = Debug|x64
		{FF3B0E9C-40AC-4FBD-85AD-D2D7A06006F2}.Debug|x86.ActiveCfg = Debug|Win32
		{FF3B0E9C-40AC-4FBD-85AD-D2D7A06006F2}.Debug|x86.Build.0 = Debug|Win32
		{FF3B0E9C-40AC-4FBD-85AD-D2D7A06006F2}.Release|x64.ActiveCfg = Release|x64
		{FF3B0E9C-40AC-4FBD-85AD-D2D7A06006F2}.Release|x64.Build.0 = Release|x64
		{FF3B0E9C-40AC-4FBD-85AD-D2D7A06006F2}.Release|x86.ActiveCfg = Release|Win32
		{FF3B0E9C-40AC-4FBD-85AD-D2D7A06006F2}.Release|x86.Build.0 = Release|Win32
	EndGlobalSection
	GlobalSection(SolutionProperties) = preSolution
		HideSolutionNode = FALSE
	EndGlobalSection
	GlobalSection(ExtensibilityGlobals) = postSolution
		SolutionGuid = {9E59E65D-70B3-4FA7-AD16-DEB6EC348A7C}
	EndGlobalSection
EndGlobal
